// !$*UTF8*$!
{
	archiveVersion = 1;
	classes = {
	};
	objectVersion = 51;
	objects = {

/* Begin PBXBuildFile section */
		0423E7FB2119E9D30035841A /* AppDelegate.swift in Sources */ = {isa = PBXBuildFile; fileRef = 0423E7FA2119E9D30035841A /* AppDelegate.swift */; };
		0423E8002119E9D30035841A /* Main.storyboard in Resources */ = {isa = PBXBuildFile; fileRef = 0423E7FE2119E9D30035841A /* Main.storyboard */; };
		0423E8022119E9D30035841A /* Assets.xcassets in Resources */ = {isa = PBXBuildFile; fileRef = 0423E8012119E9D30035841A /* Assets.xcassets */; };
		0423E8052119E9D30035841A /* LaunchScreen.storyboard in Resources */ = {isa = PBXBuildFile; fileRef = 0423E8032119E9D30035841A /* LaunchScreen.storyboard */; };
		0423E80E2119EAD40035841A /* HomeScreenViewController.swift in Sources */ = {isa = PBXBuildFile; fileRef = 0423E80D2119EAD40035841A /* HomeScreenViewController.swift */; };
		0423E8122119EB970035841A /* MenuScreenViewController.swift in Sources */ = {isa = PBXBuildFile; fileRef = 0423E8112119EB970035841A /* MenuScreenViewController.swift */; };
		0423E8152119F9A60035841A /* CommanUntil.swift in Sources */ = {isa = PBXBuildFile; fileRef = 0423E8142119F9A60035841A /* CommanUntil.swift */; };
		0423E8182119FC020035841A /* futura.ttf in Resources */ = {isa = PBXBuildFile; fileRef = 0423E8172119FC010035841A /* futura.ttf */; };
		0423E81B211A02740035841A /* MenuListTableViewCell.swift in Sources */ = {isa = PBXBuildFile; fileRef = 0423E81A211A02740035841A /* MenuListTableViewCell.swift */; };
		0423E81D211A0A1A0035841A /* MyContactScreenViewController.swift in Sources */ = {isa = PBXBuildFile; fileRef = 0423E81C211A0A1A0035841A /* MyContactScreenViewController.swift */; };
		0423E81F211A0EA40035841A /* ContactListTableViewCell.swift in Sources */ = {isa = PBXBuildFile; fileRef = 0423E81E211A0EA40035841A /* ContactListTableViewCell.swift */; };
		0482CBF3211DE486000414B4 /* CommentListTableViewCell.swift in Sources */ = {isa = PBXBuildFile; fileRef = 0482CBF2211DE486000414B4 /* CommentListTableViewCell.swift */; };
		0482CBF6211DFA05000414B4 /* AddCommentScreenViewController.swift in Sources */ = {isa = PBXBuildFile; fileRef = 0482CBF5211DFA05000414B4 /* AddCommentScreenViewController.swift */; };
		04861B30211B48950020A73F /* BottomShadow.swift in Sources */ = {isa = PBXBuildFile; fileRef = 04861B2F211B48950020A73F /* BottomShadow.swift */; };
		04861B32211B4FEF0020A73F /* Api_Contact.swift in Sources */ = {isa = PBXBuildFile; fileRef = 04861B31211B4FEF0020A73F /* Api_Contact.swift */; };
		0486F7DC211C91F3001B5A25 /* HelpScreenViewController.swift in Sources */ = {isa = PBXBuildFile; fileRef = 0486F7DB211C91F3001B5A25 /* HelpScreenViewController.swift */; };
		0486F7DF211C9DFA001B5A25 /* AddNewContactViewController.swift in Sources */ = {isa = PBXBuildFile; fileRef = 0486F7DE211C9DFA001B5A25 /* AddNewContactViewController.swift */; };
		0486F7E2211CA7C7001B5A25 /* ContactDetailScreenViewController.swift in Sources */ = {isa = PBXBuildFile; fileRef = 0486F7E1211CA7C7001B5A25 /* ContactDetailScreenViewController.swift */; };
		04B335B02127F740000C3EF1 /* MainNavigationViewController.swift in Sources */ = {isa = PBXBuildFile; fileRef = 04B335AF2127F740000C3EF1 /* MainNavigationViewController.swift */; };
		04E3141E212B191A001724B2 /* Futura Light Regular.otf in Resources */ = {isa = PBXBuildFile; fileRef = 04E3141D212B1918001724B2 /* Futura Light Regular.otf */; };
		10A0FDECF3D44863118798A1 /* Pods_RapSheet.framework in Frameworks */ = {isa = PBXBuildFile; fileRef = E6F26A567C911C52036B49C4 /* Pods_RapSheet.framework */; };
		4F1D068922DEFADB00A5B4A8 /* DisplayReportListViewController.swift in Sources */ = {isa = PBXBuildFile; fileRef = 4F1D068822DEFADB00A5B4A8 /* DisplayReportListViewController.swift */; };
		4F1D068C22DEFC1800A5B4A8 /* BrowseContactViewController.swift in Sources */ = {isa = PBXBuildFile; fileRef = 4F1D068B22DEFC1800A5B4A8 /* BrowseContactViewController.swift */; };
		4F35AA5E2310285000CB218A /* MenuTVCell.swift in Sources */ = {isa = PBXBuildFile; fileRef = 4F35AA5C2310285000CB218A /* MenuTVCell.swift */; };
		4F35AA5F2310285000CB218A /* MenuTVCell.xib in Resources */ = {isa = PBXBuildFile; fileRef = 4F35AA5D2310285000CB218A /* MenuTVCell.xib */; };
		4F65A56C21EAF91F00AA3B38 /* Globar_File.swift in Sources */ = {isa = PBXBuildFile; fileRef = 4F65A56B21EAF91F00AA3B38 /* Globar_File.swift */; };
		4F67647A22E19EAD00124CDA /* ContactListTableViewCell.xib in Resources */ = {isa = PBXBuildFile; fileRef = 4F67647822E19EAD00124CDA /* ContactListTableViewCell.xib */; };
		4FACEBB422DDB4260075F5DB /* ModalAnimationPresentationController.swift in Sources */ = {isa = PBXBuildFile; fileRef = 4FACEBB122DDB4230075F5DB /* ModalAnimationPresentationController.swift */; };
		4FACEBB522DDB4260075F5DB /* ModalPresentationController.swift in Sources */ = {isa = PBXBuildFile; fileRef = 4FACEBB222DDB4240075F5DB /* ModalPresentationController.swift */; };
		4FACEBB622DDB4260075F5DB /* CustomPresentationController.swift in Sources */ = {isa = PBXBuildFile; fileRef = 4FACEBB322DDB4240075F5DB /* CustomPresentationController.swift */; };
		4FACEBB822DDB4E80075F5DB /* AddContactReportViewController.swift in Sources */ = {isa = PBXBuildFile; fileRef = 4FACEBB722DDB4E80075F5DB /* AddContactReportViewController.swift */; };
		4FCCB228234B383700199598 /* FeedbackViewController.swift in Sources */ = {isa = PBXBuildFile; fileRef = 4FCCB227234B383700199598 /* FeedbackViewController.swift */; };
		4FD2D61221EF97A1009C7D36 /* EvryAPIContactDetailViewController.swift in Sources */ = {isa = PBXBuildFile; fileRef = 4FD2D61121EF97A1009C7D36 /* EvryAPIContactDetailViewController.swift */; };
		4FDE6CAA21F239DD005639AD /* API.swift in Sources */ = {isa = PBXBuildFile; fileRef = 4FDE6CA921F239DD005639AD /* API.swift */; };
		9A6346952556AEA4009093B6 /* MyProfileVC.swift in Sources */ = {isa = PBXBuildFile; fileRef = 9A6346942556AEA4009093B6 /* MyProfileVC.swift */; };
		9A6347162556CC1C009093B6 /* RemoveResultVC.swift in Sources */ = {isa = PBXBuildFile; fileRef = 9A6347152556CC1C009093B6 /* RemoveResultVC.swift */; };
		9A657FCD2559040D007410A7 /* textSearchVC.swift in Sources */ = {isa = PBXBuildFile; fileRef = 9A657FCC2559040D007410A7 /* textSearchVC.swift */; };
		BD15B7BD255118350041D413 /* SFProDisplay-Bold.ttf in Resources */ = {isa = PBXBuildFile; fileRef = BD15B7BC255118350041D413 /* SFProDisplay-Bold.ttf */; };
		BD15DF4E25501D66009CDCB3 /* SFProText-Medium.ttf in Resources */ = {isa = PBXBuildFile; fileRef = BD15DF4D25501D66009CDCB3 /* SFProText-Medium.ttf */; };
		BD16B61D2553D20000DC5AC6 /* SFProText-Semibold.ttf in Resources */ = {isa = PBXBuildFile; fileRef = BD16B61C2553D20000DC5AC6 /* SFProText-Semibold.ttf */; };
		BD1DA6EE25502AF90063AF5F /* SFProText-Regular.ttf in Resources */ = {isa = PBXBuildFile; fileRef = BD1DA6ED25502AF90063AF5F /* SFProText-Regular.ttf */; };
		BD1DA6F12550305F0063AF5F /* SFProDisplay-Thin.ttf in Resources */ = {isa = PBXBuildFile; fileRef = BD1DA6F02550305F0063AF5F /* SFProDisplay-Thin.ttf */; };
		BD20788A255017C3004CBB25 /* TabBarViewController.swift in Sources */ = {isa = PBXBuildFile; fileRef = BD207889255017C3004CBB25 /* TabBarViewController.swift */; };
		BD20788D255019B8004CBB25 /* Constant.swift in Sources */ = {isa = PBXBuildFile; fileRef = BD20788C255019B8004CBB25 /* Constant.swift */; };
		BD947E262589BD7900CA0FD2 /* API_Param.swift in Sources */ = {isa = PBXBuildFile; fileRef = BD947E252589BD7900CA0FD2 /* API_Param.swift */; };
		BDCF3D0325909C490081D8D0 /* SkyFloatingLabelTextField.swift in Sources */ = {isa = PBXBuildFile; fileRef = BDCF3D0025909C400081D8D0 /* SkyFloatingLabelTextField.swift */; };
		BDCF3D0425909C490081D8D0 /* UITextField+fixCaretPosition.swift in Sources */ = {isa = PBXBuildFile; fileRef = BDCF3D0125909C400081D8D0 /* UITextField+fixCaretPosition.swift */; };
		BDCF3D0525909C490081D8D0 /* SkyFloatingLabelTextFieldWithIcon.swift in Sources */ = {isa = PBXBuildFile; fileRef = BDCF3D0225909C400081D8D0 /* SkyFloatingLabelTextFieldWithIcon.swift */; };
/* End PBXBuildFile section */

/* Begin PBXFileReference section */
		0423E7F72119E9D30035841A /* RapSheet.app */ = {isa = PBXFileReference; explicitFileType = wrapper.application; includeInIndex = 0; path = RapSheet.app; sourceTree = BUILT_PRODUCTS_DIR; };
		0423E7FA2119E9D30035841A /* AppDelegate.swift */ = {isa = PBXFileReference; lastKnownFileType = sourcecode.swift; path = AppDelegate.swift; sourceTree = "<group>"; };
		0423E7FF2119E9D30035841A /* Base */ = {isa = PBXFileReference; lastKnownFileType = file.storyboard; name = Base; path = Base.lproj/Main.storyboard; sourceTree = "<group>"; };
		0423E8012119E9D30035841A /* Assets.xcassets */ = {isa = PBXFileReference; lastKnownFileType = folder.assetcatalog; path = Assets.xcassets; sourceTree = "<group>"; };
		0423E8042119E9D30035841A /* Base */ = {isa = PBXFileReference; lastKnownFileType = file.storyboard; name = Base; path = Base.lproj/LaunchScreen.storyboard; sourceTree = "<group>"; };
		0423E8062119E9D30035841A /* Info.plist */ = {isa = PBXFileReference; lastKnownFileType = text.plist.xml; path = Info.plist; sourceTree = "<group>"; };
		0423E80D2119EAD40035841A /* HomeScreenViewController.swift */ = {isa = PBXFileReference; lastKnownFileType = sourcecode.swift; path = HomeScreenViewController.swift; sourceTree = "<group>"; };
		0423E8112119EB970035841A /* MenuScreenViewController.swift */ = {isa = PBXFileReference; lastKnownFileType = sourcecode.swift; path = MenuScreenViewController.swift; sourceTree = "<group>"; };
		0423E8142119F9A60035841A /* CommanUntil.swift */ = {isa = PBXFileReference; fileEncoding = 4; lastKnownFileType = sourcecode.swift; path = CommanUntil.swift; sourceTree = "<group>"; };
		0423E8172119FC010035841A /* futura.ttf */ = {isa = PBXFileReference; lastKnownFileType = file; path = futura.ttf; sourceTree = "<group>"; };
		0423E81A211A02740035841A /* MenuListTableViewCell.swift */ = {isa = PBXFileReference; lastKnownFileType = sourcecode.swift; path = MenuListTableViewCell.swift; sourceTree = "<group>"; };
		0423E81C211A0A1A0035841A /* MyContactScreenViewController.swift */ = {isa = PBXFileReference; lastKnownFileType = sourcecode.swift; path = MyContactScreenViewController.swift; sourceTree = "<group>"; };
		0423E81E211A0EA40035841A /* ContactListTableViewCell.swift */ = {isa = PBXFileReference; lastKnownFileType = sourcecode.swift; path = ContactListTableViewCell.swift; sourceTree = "<group>"; };
		0482CBF2211DE486000414B4 /* CommentListTableViewCell.swift */ = {isa = PBXFileReference; lastKnownFileType = sourcecode.swift; path = CommentListTableViewCell.swift; sourceTree = "<group>"; };
		0482CBF5211DFA05000414B4 /* AddCommentScreenViewController.swift */ = {isa = PBXFileReference; lastKnownFileType = sourcecode.swift; path = AddCommentScreenViewController.swift; sourceTree = "<group>"; };
		04861B2F211B48950020A73F /* BottomShadow.swift */ = {isa = PBXFileReference; lastKnownFileType = sourcecode.swift; path = BottomShadow.swift; sourceTree = "<group>"; };
		04861B31211B4FEF0020A73F /* Api_Contact.swift */ = {isa = PBXFileReference; lastKnownFileType = sourcecode.swift; path = Api_Contact.swift; sourceTree = "<group>"; };
		0486F7DB211C91F3001B5A25 /* HelpScreenViewController.swift */ = {isa = PBXFileReference; lastKnownFileType = sourcecode.swift; path = HelpScreenViewController.swift; sourceTree = "<group>"; };
		0486F7DE211C9DFA001B5A25 /* AddNewContactViewController.swift */ = {isa = PBXFileReference; lastKnownFileType = sourcecode.swift; path = AddNewContactViewController.swift; sourceTree = "<group>"; };
		0486F7E1211CA7C7001B5A25 /* ContactDetailScreenViewController.swift */ = {isa = PBXFileReference; lastKnownFileType = sourcecode.swift; path = ContactDetailScreenViewController.swift; sourceTree = "<group>"; };
		04B335AF2127F740000C3EF1 /* MainNavigationViewController.swift */ = {isa = PBXFileReference; lastKnownFileType = sourcecode.swift; path = MainNavigationViewController.swift; sourceTree = "<group>"; };
		04E3141D212B1918001724B2 /* Futura Light Regular.otf */ = {isa = PBXFileReference; lastKnownFileType = file; path = "Futura Light Regular.otf"; sourceTree = "<group>"; };
		4F1D068822DEFADB00A5B4A8 /* DisplayReportListViewController.swift */ = {isa = PBXFileReference; lastKnownFileType = sourcecode.swift; path = DisplayReportListViewController.swift; sourceTree = "<group>"; };
		4F1D068B22DEFC1800A5B4A8 /* BrowseContactViewController.swift */ = {isa = PBXFileReference; lastKnownFileType = sourcecode.swift; path = BrowseContactViewController.swift; sourceTree = "<group>"; };
		4F35AA5C2310285000CB218A /* MenuTVCell.swift */ = {isa = PBXFileReference; lastKnownFileType = sourcecode.swift; path = MenuTVCell.swift; sourceTree = "<group>"; };
		4F35AA5D2310285000CB218A /* MenuTVCell.xib */ = {isa = PBXFileReference; lastKnownFileType = file.xib; path = MenuTVCell.xib; sourceTree = "<group>"; };
		4F65A56B21EAF91F00AA3B38 /* Globar_File.swift */ = {isa = PBXFileReference; lastKnownFileType = sourcecode.swift; path = Globar_File.swift; sourceTree = "<group>"; };
		4F67647822E19EAD00124CDA /* ContactListTableViewCell.xib */ = {isa = PBXFileReference; lastKnownFileType = file.xib; path = ContactListTableViewCell.xib; sourceTree = "<group>"; };
		4FACEBB122DDB4230075F5DB /* ModalAnimationPresentationController.swift */ = {isa = PBXFileReference; fileEncoding = 4; lastKnownFileType = sourcecode.swift; path = ModalAnimationPresentationController.swift; sourceTree = "<group>"; };
		4FACEBB222DDB4240075F5DB /* ModalPresentationController.swift */ = {isa = PBXFileReference; fileEncoding = 4; lastKnownFileType = sourcecode.swift; path = ModalPresentationController.swift; sourceTree = "<group>"; };
		4FACEBB322DDB4240075F5DB /* CustomPresentationController.swift */ = {isa = PBXFileReference; fileEncoding = 4; lastKnownFileType = sourcecode.swift; path = CustomPresentationController.swift; sourceTree = "<group>"; };
		4FACEBB722DDB4E80075F5DB /* AddContactReportViewController.swift */ = {isa = PBXFileReference; lastKnownFileType = sourcecode.swift; path = AddContactReportViewController.swift; sourceTree = "<group>"; };
		4FCCB227234B383700199598 /* FeedbackViewController.swift */ = {isa = PBXFileReference; lastKnownFileType = sourcecode.swift; path = FeedbackViewController.swift; sourceTree = "<group>"; };
		4FD2D61121EF97A1009C7D36 /* EvryAPIContactDetailViewController.swift */ = {isa = PBXFileReference; lastKnownFileType = sourcecode.swift; path = EvryAPIContactDetailViewController.swift; sourceTree = "<group>"; };
		4FDE6CA921F239DD005639AD /* API.swift */ = {isa = PBXFileReference; fileEncoding = 4; lastKnownFileType = sourcecode.swift; path = API.swift; sourceTree = "<group>"; };
		7318C0B37CBCC8CDC5F7D4D7 /* Pods-RapSheet.debug.xcconfig */ = {isa = PBXFileReference; includeInIndex = 1; lastKnownFileType = text.xcconfig; name = "Pods-RapSheet.debug.xcconfig"; path = "Pods/Target Support Files/Pods-RapSheet/Pods-RapSheet.debug.xcconfig"; sourceTree = "<group>"; };
		9A6346942556AEA4009093B6 /* MyProfileVC.swift */ = {isa = PBXFileReference; lastKnownFileType = sourcecode.swift; path = MyProfileVC.swift; sourceTree = "<group>"; };
		9A6347152556CC1C009093B6 /* RemoveResultVC.swift */ = {isa = PBXFileReference; lastKnownFileType = sourcecode.swift; path = RemoveResultVC.swift; sourceTree = "<group>"; };
		9A657FCC2559040D007410A7 /* textSearchVC.swift */ = {isa = PBXFileReference; lastKnownFileType = sourcecode.swift; path = textSearchVC.swift; sourceTree = "<group>"; };
		BD15B7BC255118350041D413 /* SFProDisplay-Bold.ttf */ = {isa = PBXFileReference; lastKnownFileType = file; path = "SFProDisplay-Bold.ttf"; sourceTree = "<group>"; };
		BD15DF4D25501D66009CDCB3 /* SFProText-Medium.ttf */ = {isa = PBXFileReference; lastKnownFileType = file; path = "SFProText-Medium.ttf"; sourceTree = "<group>"; };
		BD16B61C2553D20000DC5AC6 /* SFProText-Semibold.ttf */ = {isa = PBXFileReference; lastKnownFileType = file; path = "SFProText-Semibold.ttf"; sourceTree = "<group>"; };
		BD1DA6ED25502AF90063AF5F /* SFProText-Regular.ttf */ = {isa = PBXFileReference; lastKnownFileType = file; path = "SFProText-Regular.ttf"; sourceTree = "<group>"; };
		BD1DA6F02550305F0063AF5F /* SFProDisplay-Thin.ttf */ = {isa = PBXFileReference; lastKnownFileType = file; path = "SFProDisplay-Thin.ttf"; sourceTree = "<group>"; };
		BD207889255017C3004CBB25 /* TabBarViewController.swift */ = {isa = PBXFileReference; lastKnownFileType = sourcecode.swift; path = TabBarViewController.swift; sourceTree = "<group>"; };
		BD20788C255019B8004CBB25 /* Constant.swift */ = {isa = PBXFileReference; lastKnownFileType = sourcecode.swift; path = Constant.swift; sourceTree = "<group>"; };
		BD947E252589BD7900CA0FD2 /* API_Param.swift */ = {isa = PBXFileReference; lastKnownFileType = sourcecode.swift; path = API_Param.swift; sourceTree = "<group>"; };
		BDCF3D0025909C400081D8D0 /* SkyFloatingLabelTextField.swift */ = {isa = PBXFileReference; fileEncoding = 4; lastKnownFileType = sourcecode.swift; path = SkyFloatingLabelTextField.swift; sourceTree = "<group>"; };
		BDCF3D0125909C400081D8D0 /* UITextField+fixCaretPosition.swift */ = {isa = PBXFileReference; fileEncoding = 4; lastKnownFileType = sourcecode.swift; path = "UITextField+fixCaretPosition.swift"; sourceTree = "<group>"; };
		BDCF3D0225909C400081D8D0 /* SkyFloatingLabelTextFieldWithIcon.swift */ = {isa = PBXFileReference; fileEncoding = 4; lastKnownFileType = sourcecode.swift; path = SkyFloatingLabelTextFieldWithIcon.swift; sourceTree = "<group>"; };
		DBDDE39144E71F432872BD49 /* Pods-RapSheet.release.xcconfig */ = {isa = PBXFileReference; includeInIndex = 1; lastKnownFileType = text.xcconfig; name = "Pods-RapSheet.release.xcconfig"; path = "Pods/Target Support Files/Pods-RapSheet/Pods-RapSheet.release.xcconfig"; sourceTree = "<group>"; };
		E6F26A567C911C52036B49C4 /* Pods_RapSheet.framework */ = {isa = PBXFileReference; explicitFileType = wrapper.framework; includeInIndex = 0; path = Pods_RapSheet.framework; sourceTree = BUILT_PRODUCTS_DIR; };
/* End PBXFileReference section */

/* Begin PBXFrameworksBuildPhase section */
		0423E7F42119E9D30035841A /* Frameworks */ = {
			isa = PBXFrameworksBuildPhase;
			buildActionMask = 2147483647;
			files = (
				10A0FDECF3D44863118798A1 /* Pods_RapSheet.framework in Frameworks */,
			);
			runOnlyForDeploymentPostprocessing = 0;
		};
/* End PBXFrameworksBuildPhase section */

/* Begin PBXGroup section */
		0423E7EE2119E9D30035841A = {
			isa = PBXGroup;
			children = (
				0423E7F92119E9D30035841A /* RapSheet */,
				0423E7F82119E9D30035841A /* Products */,
				2344C94A53F9C3C5E5DD2A92 /* Pods */,
				079211A1B49F07035A3ABFBF /* Frameworks */,
			);
			sourceTree = "<group>";
		};
		0423E7F82119E9D30035841A /* Products */ = {
			isa = PBXGroup;
			children = (
				0423E7F72119E9D30035841A /* RapSheet.app */,
			);
			name = Products;
			sourceTree = "<group>";
		};
		0423E7F92119E9D30035841A /* RapSheet */ = {
			isa = PBXGroup;
			children = (
				0423E7FA2119E9D30035841A /* AppDelegate.swift */,
				BDCF3CFF25909C400081D8D0 /* SkyFloatingLabelTextField */,
				0423E8132119F97A0035841A /* Other Conroller And Library */,
				0423E80F2119EB800035841A /* Controller */,
				0423E7FE2119E9D30035841A /* Main.storyboard */,
				0423E8012119E9D30035841A /* Assets.xcassets */,
				0423E8032119E9D30035841A /* LaunchScreen.storyboard */,
				0423E8062119E9D30035841A /* Info.plist */,
			);
			path = RapSheet;
			sourceTree = "<group>";
		};
		0423E80C2119EAC60035841A /* Home */ = {
			isa = PBXGroup;
			children = (
				0423E80D2119EAD40035841A /* HomeScreenViewController.swift */,
				4FACEBB722DDB4E80075F5DB /* AddContactReportViewController.swift */,
				9A657FCC2559040D007410A7 /* textSearchVC.swift */,
			);
			path = Home;
			sourceTree = "<group>";
		};
		0423E80F2119EB800035841A /* Controller */ = {
			isa = PBXGroup;
			children = (
				0423E8102119EB890035841A /* Menu */,
				0423E80C2119EAC60035841A /* Home */,
				0486F7DD211C9DE4001B5A25 /* Add Contact */,
				0486F7E0211CA7B4001B5A25 /* Detail */,
				0482CBF4211DF9E8000414B4 /* Add Comment */,
				04B335AF2127F740000C3EF1 /* MainNavigationViewController.swift */,
				BD207889255017C3004CBB25 /* TabBarViewController.swift */,
			);
			path = Controller;
			sourceTree = "<group>";
		};
		0423E8102119EB890035841A /* Menu */ = {
			isa = PBXGroup;
			children = (
				9A6346932556AE8A009093B6 /* Profile */,
				0423E819211A025E0035841A /* Cell */,
				0423E8112119EB970035841A /* MenuScreenViewController.swift */,
				0423E81C211A0A1A0035841A /* MyContactScreenViewController.swift */,
				0486F7DB211C91F3001B5A25 /* HelpScreenViewController.swift */,
				4FCCB227234B383700199598 /* FeedbackViewController.swift */,
				4F1D068722DEFAB500A5B4A8 /* Report */,
				4F1D068A22DEFC0800A5B4A8 /* Browse */,
			);
			path = Menu;
			sourceTree = "<group>";
		};
		0423E8132119F97A0035841A /* Other Conroller And Library */ = {
			isa = PBXGroup;
			children = (
				4FDE6CA921F239DD005639AD /* API.swift */,
				BD20788C255019B8004CBB25 /* Constant.swift */,
				0423E8142119F9A60035841A /* CommanUntil.swift */,
				04861B31211B4FEF0020A73F /* Api_Contact.swift */,
				04861B2F211B48950020A73F /* BottomShadow.swift */,
				4F65A56B21EAF91F00AA3B38 /* Globar_File.swift */,
				4FACEBB322DDB4240075F5DB /* CustomPresentationController.swift */,
				4FACEBB122DDB4230075F5DB /* ModalAnimationPresentationController.swift */,
				4FACEBB222DDB4240075F5DB /* ModalPresentationController.swift */,
				0423E8162119FBF30035841A /* Font */,
				BD947E252589BD7900CA0FD2 /* API_Param.swift */,
			);
			path = "Other Conroller And Library";
			sourceTree = "<group>";
		};
		0423E8162119FBF30035841A /* Font */ = {
			isa = PBXGroup;
			children = (
				BD16B61C2553D20000DC5AC6 /* SFProText-Semibold.ttf */,
				BD15B7BC255118350041D413 /* SFProDisplay-Bold.ttf */,
				BD1DA6F02550305F0063AF5F /* SFProDisplay-Thin.ttf */,
				BD1DA6ED25502AF90063AF5F /* SFProText-Regular.ttf */,
				BD15DF4D25501D66009CDCB3 /* SFProText-Medium.ttf */,
				0423E8172119FC010035841A /* futura.ttf */,
				04E3141D212B1918001724B2 /* Futura Light Regular.otf */,
			);
			path = Font;
			sourceTree = "<group>";
		};
		0423E819211A025E0035841A /* Cell */ = {
			isa = PBXGroup;
			children = (
				0423E81A211A02740035841A /* MenuListTableViewCell.swift */,
				0423E81E211A0EA40035841A /* ContactListTableViewCell.swift */,
				4F67647822E19EAD00124CDA /* ContactListTableViewCell.xib */,
				4F35AA5C2310285000CB218A /* MenuTVCell.swift */,
				4F35AA5D2310285000CB218A /* MenuTVCell.xib */,
			);
			path = Cell;
			sourceTree = "<group>";
		};
		0482CBF1211DE46B000414B4 /* Cell */ = {
			isa = PBXGroup;
			children = (
				0482CBF2211DE486000414B4 /* CommentListTableViewCell.swift */,
			);
			path = Cell;
			sourceTree = "<group>";
		};
		0482CBF4211DF9E8000414B4 /* Add Comment */ = {
			isa = PBXGroup;
			children = (
				0482CBF5211DFA05000414B4 /* AddCommentScreenViewController.swift */,
			);
			path = "Add Comment";
			sourceTree = "<group>";
		};
		0486F7DD211C9DE4001B5A25 /* Add Contact */ = {
			isa = PBXGroup;
			children = (
				0486F7DE211C9DFA001B5A25 /* AddNewContactViewController.swift */,
			);
			path = "Add Contact";
			sourceTree = "<group>";
		};
		0486F7E0211CA7B4001B5A25 /* Detail */ = {
			isa = PBXGroup;
			children = (
				0482CBF1211DE46B000414B4 /* Cell */,
				0486F7E1211CA7C7001B5A25 /* ContactDetailScreenViewController.swift */,
				4FD2D61121EF97A1009C7D36 /* EvryAPIContactDetailViewController.swift */,
			);
			path = Detail;
			sourceTree = "<group>";
		};
		079211A1B49F07035A3ABFBF /* Frameworks */ = {
			isa = PBXGroup;
			children = (
				E6F26A567C911C52036B49C4 /* Pods_RapSheet.framework */,
			);
			name = Frameworks;
			sourceTree = "<group>";
		};
		2344C94A53F9C3C5E5DD2A92 /* Pods */ = {
			isa = PBXGroup;
			children = (
				7318C0B37CBCC8CDC5F7D4D7 /* Pods-RapSheet.debug.xcconfig */,
				DBDDE39144E71F432872BD49 /* Pods-RapSheet.release.xcconfig */,
			);
			name = Pods;
			sourceTree = "<group>";
		};
		4F1D068722DEFAB500A5B4A8 /* Report */ = {
			isa = PBXGroup;
			children = (
				4F1D068822DEFADB00A5B4A8 /* DisplayReportListViewController.swift */,
			);
			path = Report;
			sourceTree = "<group>";
		};
		4F1D068A22DEFC0800A5B4A8 /* Browse */ = {
			isa = PBXGroup;
			children = (
				4F1D068B22DEFC1800A5B4A8 /* BrowseContactViewController.swift */,
			);
			path = Browse;
			sourceTree = "<group>";
		};
		9A6346932556AE8A009093B6 /* Profile */ = {
			isa = PBXGroup;
			children = (
				9A6346942556AEA4009093B6 /* MyProfileVC.swift */,
				9A6347152556CC1C009093B6 /* RemoveResultVC.swift */,
			);
			path = Profile;
			sourceTree = "<group>";
		};
		BDCF3CFF25909C400081D8D0 /* SkyFloatingLabelTextField */ = {
			isa = PBXGroup;
			children = (
				BDCF3D0025909C400081D8D0 /* SkyFloatingLabelTextField.swift */,
				BDCF3D0125909C400081D8D0 /* UITextField+fixCaretPosition.swift */,
				BDCF3D0225909C400081D8D0 /* SkyFloatingLabelTextFieldWithIcon.swift */,
			);
			path = SkyFloatingLabelTextField;
			sourceTree = "<group>";
		};
/* End PBXGroup section */

/* Begin PBXNativeTarget section */
		0423E7F62119E9D30035841A /* RapSheet */ = {
			isa = PBXNativeTarget;
			buildConfigurationList = 0423E8092119E9D30035841A /* Build configuration list for PBXNativeTarget "RapSheet" */;
			buildPhases = (
				715D3EA1F6D3DECF5C2B2FB0 /* [CP] Check Pods Manifest.lock */,
				0423E7F32119E9D30035841A /* Sources */,
				0423E7F42119E9D30035841A /* Frameworks */,
				0423E7F52119E9D30035841A /* Resources */,
				4D6A7E10C7917769BF471FF7 /* [CP] Embed Pods Frameworks */,
				4F0C31CE21E3BD49004F8F64 /* ShellScript */,
			);
			buildRules = (
			);
			dependencies = (
			);
			name = RapSheet;
			productName = RapSheet;
			productReference = 0423E7F72119E9D30035841A /* RapSheet.app */;
			productType = "com.apple.product-type.application";
		};
/* End PBXNativeTarget section */

/* Begin PBXProject section */
		0423E7EF2119E9D30035841A /* Project object */ = {
			isa = PBXProject;
			attributes = {
				LastSwiftUpdateCheck = 0930;
				LastUpgradeCheck = 0930;
				ORGANIZATIONNAME = "Kalpesh Satasiya";
				TargetAttributes = {
					0423E7F62119E9D30035841A = {
						CreatedOnToolsVersion = 9.3.1;
						SystemCapabilities = {
							com.apple.InAppPurchase = {
								enabled = 0;
							};
						};
					};
				};
			};
			buildConfigurationList = 0423E7F22119E9D30035841A /* Build configuration list for PBXProject "RapSheet" */;
			compatibilityVersion = "Xcode 9.3";
			developmentRegion = en;
			hasScannedForEncodings = 0;
			knownRegions = (
				en,
				Base,
			);
			mainGroup = 0423E7EE2119E9D30035841A;
			productRefGroup = 0423E7F82119E9D30035841A /* Products */;
			projectDirPath = "";
			projectRoot = "";
			targets = (
				0423E7F62119E9D30035841A /* RapSheet */,
			);
		};
/* End PBXProject section */

/* Begin PBXResourcesBuildPhase section */
		0423E7F52119E9D30035841A /* Resources */ = {
			isa = PBXResourcesBuildPhase;
			buildActionMask = 2147483647;
			files = (
				0423E8052119E9D30035841A /* LaunchScreen.storyboard in Resources */,
				BD1DA6F12550305F0063AF5F /* SFProDisplay-Thin.ttf in Resources */,
				0423E8182119FC020035841A /* futura.ttf in Resources */,
				04E3141E212B191A001724B2 /* Futura Light Regular.otf in Resources */,
				0423E8022119E9D30035841A /* Assets.xcassets in Resources */,
				BD16B61D2553D20000DC5AC6 /* SFProText-Semibold.ttf in Resources */,
				4F67647A22E19EAD00124CDA /* ContactListTableViewCell.xib in Resources */,
				BD15DF4E25501D66009CDCB3 /* SFProText-Medium.ttf in Resources */,
				4F35AA5F2310285000CB218A /* MenuTVCell.xib in Resources */,
				BD15B7BD255118350041D413 /* SFProDisplay-Bold.ttf in Resources */,
				BD1DA6EE25502AF90063AF5F /* SFProText-Regular.ttf in Resources */,
				0423E8002119E9D30035841A /* Main.storyboard in Resources */,
			);
			runOnlyForDeploymentPostprocessing = 0;
		};
/* End PBXResourcesBuildPhase section */

/* Begin PBXShellScriptBuildPhase section */
		4D6A7E10C7917769BF471FF7 /* [CP] Embed Pods Frameworks */ = {
			isa = PBXShellScriptBuildPhase;
			buildActionMask = 2147483647;
			files = (
			);
			inputFileListPaths = (
				"${PODS_ROOT}/Target Support Files/Pods-RapSheet/Pods-RapSheet-frameworks-${CONFIGURATION}-input-files.xcfilelist",
			);
			name = "[CP] Embed Pods Frameworks";
			outputFileListPaths = (
				"${PODS_ROOT}/Target Support Files/Pods-RapSheet/Pods-RapSheet-frameworks-${CONFIGURATION}-output-files.xcfilelist",
			);
			runOnlyForDeploymentPostprocessing = 0;
			shellPath = /bin/sh;
			shellScript = "\"${PODS_ROOT}/Target Support Files/Pods-RapSheet/Pods-RapSheet-frameworks.sh\"\n";
			showEnvVarsInLog = 0;
		};
		4F0C31CE21E3BD49004F8F64 /* ShellScript */ = {
			isa = PBXShellScriptBuildPhase;
			buildActionMask = 2147483647;
			files = (
			);
			inputFileListPaths = (
			);
			inputPaths = (
			);
			outputFileListPaths = (
			);
			outputPaths = (
			);
			runOnlyForDeploymentPostprocessing = 0;
			shellPath = /bin/sh;
			shellScript = "\"${PODS_ROOT}/Fabric/run\" e6e50058e1152e4997ab3a8285cdba676dca0997 8ec71c424978994db7130697a4615e09f5a5c2260bace84ad02725c47df05c15\n";
		};
		715D3EA1F6D3DECF5C2B2FB0 /* [CP] Check Pods Manifest.lock */ = {
			isa = PBXShellScriptBuildPhase;
			buildActionMask = 2147483647;
			files = (
			);
			inputPaths = (
				"${PODS_PODFILE_DIR_PATH}/Podfile.lock",
				"${PODS_ROOT}/Manifest.lock",
			);
			name = "[CP] Check Pods Manifest.lock";
			outputPaths = (
				"$(DERIVED_FILE_DIR)/Pods-RapSheet-checkManifestLockResult.txt",
			);
			runOnlyForDeploymentPostprocessing = 0;
			shellPath = /bin/sh;
			shellScript = "diff \"${PODS_PODFILE_DIR_PATH}/Podfile.lock\" \"${PODS_ROOT}/Manifest.lock\" > /dev/null\nif [ $? != 0 ] ; then\n    # print error to STDERR\n    echo \"error: The sandbox is not in sync with the Podfile.lock. Run 'pod install' or update your CocoaPods installation.\" >&2\n    exit 1\nfi\n# This output is used by Xcode 'outputs' to avoid re-running this script phase.\necho \"SUCCESS\" > \"${SCRIPT_OUTPUT_FILE_0}\"\n";
			showEnvVarsInLog = 0;
		};
/* End PBXShellScriptBuildPhase section */

/* Begin PBXSourcesBuildPhase section */
		0423E7F32119E9D30035841A /* Sources */ = {
			isa = PBXSourcesBuildPhase;
			buildActionMask = 2147483647;
			files = (
				0482CBF6211DFA05000414B4 /* AddCommentScreenViewController.swift in Sources */,
				04861B30211B48950020A73F /* BottomShadow.swift in Sources */,
				4FACEBB422DDB4260075F5DB /* ModalAnimationPresentationController.swift in Sources */,
				4F65A56C21EAF91F00AA3B38 /* Globar_File.swift in Sources */,
				BD20788A255017C3004CBB25 /* TabBarViewController.swift in Sources */,
				0423E7FB2119E9D30035841A /* AppDelegate.swift in Sources */,
				0423E80E2119EAD40035841A /* HomeScreenViewController.swift in Sources */,
				BD20788D255019B8004CBB25 /* Constant.swift in Sources */,
				0486F7DC211C91F3001B5A25 /* HelpScreenViewController.swift in Sources */,
				0486F7E2211CA7C7001B5A25 /* ContactDetailScreenViewController.swift in Sources */,
				0486F7DF211C9DFA001B5A25 /* AddNewContactViewController.swift in Sources */,
				0423E81B211A02740035841A /* MenuListTableViewCell.swift in Sources */,
				BDCF3D0325909C490081D8D0 /* SkyFloatingLabelTextField.swift in Sources */,
				4F1D068922DEFADB00A5B4A8 /* DisplayReportListViewController.swift in Sources */,
				4F1D068C22DEFC1800A5B4A8 /* BrowseContactViewController.swift in Sources */,
				4F35AA5E2310285000CB218A /* MenuTVCell.swift in Sources */,
				BDCF3D0525909C490081D8D0 /* SkyFloatingLabelTextFieldWithIcon.swift in Sources */,
				0423E8122119EB970035841A /* MenuScreenViewController.swift in Sources */,
				4FACEBB522DDB4260075F5DB /* ModalPresentationController.swift in Sources */,
				0423E8152119F9A60035841A /* CommanUntil.swift in Sources */,
				04B335B02127F740000C3EF1 /* MainNavigationViewController.swift in Sources */,
				9A6346952556AEA4009093B6 /* MyProfileVC.swift in Sources */,
				BD947E262589BD7900CA0FD2 /* API_Param.swift in Sources */,
				4FACEBB622DDB4260075F5DB /* CustomPresentationController.swift in Sources */,
				0482CBF3211DE486000414B4 /* CommentListTableViewCell.swift in Sources */,
				BDCF3D0425909C490081D8D0 /* UITextField+fixCaretPosition.swift in Sources */,
				4FD2D61221EF97A1009C7D36 /* EvryAPIContactDetailViewController.swift in Sources */,
				04861B32211B4FEF0020A73F /* Api_Contact.swift in Sources */,
				0423E81D211A0A1A0035841A /* MyContactScreenViewController.swift in Sources */,
				9A657FCD2559040D007410A7 /* textSearchVC.swift in Sources */,
				9A6347162556CC1C009093B6 /* RemoveResultVC.swift in Sources */,
				4FACEBB822DDB4E80075F5DB /* AddContactReportViewController.swift in Sources */,
				4FCCB228234B383700199598 /* FeedbackViewController.swift in Sources */,
				4FDE6CAA21F239DD005639AD /* API.swift in Sources */,
				0423E81F211A0EA40035841A /* ContactListTableViewCell.swift in Sources */,
			);
			runOnlyForDeploymentPostprocessing = 0;
		};
/* End PBXSourcesBuildPhase section */

/* Begin PBXVariantGroup section */
		0423E7FE2119E9D30035841A /* Main.storyboard */ = {
			isa = PBXVariantGroup;
			children = (
				0423E7FF2119E9D30035841A /* Base */,
			);
			name = Main.storyboard;
			sourceTree = "<group>";
		};
		0423E8032119E9D30035841A /* LaunchScreen.storyboard */ = {
			isa = PBXVariantGroup;
			children = (
				0423E8042119E9D30035841A /* Base */,
			);
			name = LaunchScreen.storyboard;
			sourceTree = "<group>";
		};
/* End PBXVariantGroup section */

/* Begin XCBuildConfiguration section */
		0423E8072119E9D30035841A /* Debug */ = {
			isa = XCBuildConfiguration;
			buildSettings = {
				ALWAYS_SEARCH_USER_PATHS = NO;
				CLANG_ANALYZER_NONNULL = YES;
				CLANG_ANALYZER_NUMBER_OBJECT_CONVERSION = YES_AGGRESSIVE;
				CLANG_CXX_LANGUAGE_STANDARD = "gnu++14";
				CLANG_CXX_LIBRARY = "libc++";
				CLANG_ENABLE_MODULES = YES;
				CLANG_ENABLE_OBJC_ARC = YES;
				CLANG_ENABLE_OBJC_WEAK = YES;
				CLANG_WARN_BLOCK_CAPTURE_AUTORELEASING = YES;
				CLANG_WARN_BOOL_CONVERSION = YES;
				CLANG_WARN_COMMA = YES;
				CLANG_WARN_CONSTANT_CONVERSION = YES;
				CLANG_WARN_DEPRECATED_OBJC_IMPLEMENTATIONS = YES;
				CLANG_WARN_DIRECT_OBJC_ISA_USAGE = YES_ERROR;
				CLANG_WARN_DOCUMENTATION_COMMENTS = YES;
				CLANG_WARN_EMPTY_BODY = YES;
				CLANG_WARN_ENUM_CONVERSION = YES;
				CLANG_WARN_INFINITE_RECURSION = YES;
				CLANG_WARN_INT_CONVERSION = YES;
				CLANG_WARN_NON_LITERAL_NULL_CONVERSION = YES;
				CLANG_WARN_OBJC_IMPLICIT_RETAIN_SELF = YES;
				CLANG_WARN_OBJC_LITERAL_CONVERSION = YES;
				CLANG_WARN_OBJC_ROOT_CLASS = YES_ERROR;
				CLANG_WARN_RANGE_LOOP_ANALYSIS = YES;
				CLANG_WARN_STRICT_PROTOTYPES = YES;
				CLANG_WARN_SUSPICIOUS_MOVE = YES;
				CLANG_WARN_UNGUARDED_AVAILABILITY = YES_AGGRESSIVE;
				CLANG_WARN_UNREACHABLE_CODE = YES;
				CLANG_WARN__DUPLICATE_METHOD_MATCH = YES;
				CODE_SIGN_IDENTITY = "iPhone Distribution: Shauna Graham (522DS9XA3F)";
				COPY_PHASE_STRIP = NO;
				DEBUG_INFORMATION_FORMAT = dwarf;
				ENABLE_STRICT_OBJC_MSGSEND = YES;
				ENABLE_TESTABILITY = YES;
				GCC_C_LANGUAGE_STANDARD = gnu11;
				GCC_DYNAMIC_NO_PIC = NO;
				GCC_NO_COMMON_BLOCKS = YES;
				GCC_OPTIMIZATION_LEVEL = 0;
				GCC_PREPROCESSOR_DEFINITIONS = (
					"DEBUG=1",
					"$(inherited)",
				);
				GCC_WARN_64_TO_32_BIT_CONVERSION = YES;
				GCC_WARN_ABOUT_RETURN_TYPE = YES_ERROR;
				GCC_WARN_UNDECLARED_SELECTOR = YES;
				GCC_WARN_UNINITIALIZED_AUTOS = YES_AGGRESSIVE;
				GCC_WARN_UNUSED_FUNCTION = YES;
				GCC_WARN_UNUSED_VARIABLE = YES;
				IPHONEOS_DEPLOYMENT_TARGET = 11.0;
				MTL_ENABLE_DEBUG_INFO = YES;
				ONLY_ACTIVE_ARCH = YES;
				SDKROOT = iphoneos;
				SWIFT_ACTIVE_COMPILATION_CONDITIONS = DEBUG;
				SWIFT_OPTIMIZATION_LEVEL = "-Onone";
			};
			name = Debug;
		};
		0423E8082119E9D30035841A /* Release */ = {
			isa = XCBuildConfiguration;
			buildSettings = {
				ALWAYS_SEARCH_USER_PATHS = NO;
				CLANG_ANALYZER_NONNULL = YES;
				CLANG_ANALYZER_NUMBER_OBJECT_CONVERSION = YES_AGGRESSIVE;
				CLANG_CXX_LANGUAGE_STANDARD = "gnu++14";
				CLANG_CXX_LIBRARY = "libc++";
				CLANG_ENABLE_MODULES = YES;
				CLANG_ENABLE_OBJC_ARC = YES;
				CLANG_ENABLE_OBJC_WEAK = YES;
				CLANG_WARN_BLOCK_CAPTURE_AUTORELEASING = YES;
				CLANG_WARN_BOOL_CONVERSION = YES;
				CLANG_WARN_COMMA = YES;
				CLANG_WARN_CONSTANT_CONVERSION = YES;
				CLANG_WARN_DEPRECATED_OBJC_IMPLEMENTATIONS = YES;
				CLANG_WARN_DIRECT_OBJC_ISA_USAGE = YES_ERROR;
				CLANG_WARN_DOCUMENTATION_COMMENTS = YES;
				CLANG_WARN_EMPTY_BODY = YES;
				CLANG_WARN_ENUM_CONVERSION = YES;
				CLANG_WARN_INFINITE_RECURSION = YES;
				CLANG_WARN_INT_CONVERSION = YES;
				CLANG_WARN_NON_LITERAL_NULL_CONVERSION = YES;
				CLANG_WARN_OBJC_IMPLICIT_RETAIN_SELF = YES;
				CLANG_WARN_OBJC_LITERAL_CONVERSION = YES;
				CLANG_WARN_OBJC_ROOT_CLASS = YES_ERROR;
				CLANG_WARN_RANGE_LOOP_ANALYSIS = YES;
				CLANG_WARN_STRICT_PROTOTYPES = YES;
				CLANG_WARN_SUSPICIOUS_MOVE = YES;
				CLANG_WARN_UNGUARDED_AVAILABILITY = YES_AGGRESSIVE;
				CLANG_WARN_UNREACHABLE_CODE = YES;
				CLANG_WARN__DUPLICATE_METHOD_MATCH = YES;
				CODE_SIGN_IDENTITY = "iPhone Distribution: Shauna Graham (522DS9XA3F)";
				COPY_PHASE_STRIP = NO;
				DEBUG_INFORMATION_FORMAT = "dwarf-with-dsym";
				ENABLE_NS_ASSERTIONS = NO;
				ENABLE_STRICT_OBJC_MSGSEND = YES;
				GCC_C_LANGUAGE_STANDARD = gnu11;
				GCC_NO_COMMON_BLOCKS = YES;
				GCC_WARN_64_TO_32_BIT_CONVERSION = YES;
				GCC_WARN_ABOUT_RETURN_TYPE = YES_ERROR;
				GCC_WARN_UNDECLARED_SELECTOR = YES;
				GCC_WARN_UNINITIALIZED_AUTOS = YES_AGGRESSIVE;
				GCC_WARN_UNUSED_FUNCTION = YES;
				GCC_WARN_UNUSED_VARIABLE = YES;
				IPHONEOS_DEPLOYMENT_TARGET = 11.0;
				MTL_ENABLE_DEBUG_INFO = NO;
				SDKROOT = iphoneos;
				SWIFT_COMPILATION_MODE = wholemodule;
				SWIFT_OPTIMIZATION_LEVEL = "-O";
				VALIDATE_PRODUCT = YES;
			};
			name = Release;
		};
		0423E80A2119E9D30035841A /* Debug */ = {
			isa = XCBuildConfiguration;
			baseConfigurationReference = 7318C0B37CBCC8CDC5F7D4D7 /* Pods-RapSheet.debug.xcconfig */;
			buildSettings = {
				ASSETCATALOG_COMPILER_APPICON_NAME = AppIcon;
				CODE_SIGN_IDENTITY = "iPhone Developer";
				CODE_SIGN_STYLE = Manual;
				CURRENT_PROJECT_VERSION = 2;
				DEVELOPMENT_TEAM = 522DS9XA3F;
				INFOPLIST_FILE = RapSheet/Info.plist;
				IPHONEOS_DEPLOYMENT_TARGET = 11.0;
				LD_RUNPATH_SEARCH_PATHS = (
					"$(inherited)",
					"@executable_path/Frameworks",
				);
				MARKETING_VERSION = 3.0;
				PRODUCT_BUNDLE_IDENTIFIER = com.adrapsheet.crawlapps;
				PRODUCT_NAME = "$(TARGET_NAME)";
				PROVISIONING_PROFILE = "4a564787-db13-4336-9336-b2e86d0893d2";
				PROVISIONING_PROFILE_SPECIFIER = Dev_Rapsheet;
				SWIFT_VERSION = 5.0;
				TARGETED_DEVICE_FAMILY = "1,2";
			};
			name = Debug;
		};
		0423E80B2119E9D30035841A /* Release */ = {
			isa = XCBuildConfiguration;
			baseConfigurationReference = DBDDE39144E71F432872BD49 /* Pods-RapSheet.release.xcconfig */;
			buildSettings = {
				ASSETCATALOG_COMPILER_APPICON_NAME = AppIcon;
				CODE_SIGN_IDENTITY = "iPhone Developer";
				CODE_SIGN_STYLE = Manual;
				CURRENT_PROJECT_VERSION = 2;
				DEVELOPMENT_TEAM = 522DS9XA3F;
				INFOPLIST_FILE = RapSheet/Info.plist;
				IPHONEOS_DEPLOYMENT_TARGET = 11.0;
				LD_RUNPATH_SEARCH_PATHS = (
					"$(inherited)",
					"@executable_path/Frameworks",
				);
				MARKETING_VERSION = 3.0;
				PRODUCT_BUNDLE_IDENTIFIER = com.adrapsheet.crawlapps;
				PRODUCT_NAME = "$(TARGET_NAME)";
				PROVISIONING_PROFILE = "4a564787-db13-4336-9336-b2e86d0893d2";
				PROVISIONING_PROFILE_SPECIFIER = Dev_Rapsheet;
				SWIFT_VERSION = 5.0;
				TARGETED_DEVICE_FAMILY = "1,2";
			};
			name = Release;
		};
/* End XCBuildConfiguration section */

/* Begin XCConfigurationList section */
		0423E7F22119E9D30035841A /* Build configuration list for PBXProject "RapSheet" */ = {
			isa = XCConfigurationList;
			buildConfigurations = (
				0423E8072119E9D30035841A /* Debug */,
				0423E8082119E9D30035841A /* Release */,
			);
			defaultConfigurationIsVisible = 0;
			defaultConfigurationName = Release;
		};
		0423E8092119E9D30035841A /* Build configuration list for PBXNativeTarget "RapSheet" */ = {
			isa = XCConfigurationList;
			buildConfigurations = (
				0423E80A2119E9D30035841A /* Debug */,
				0423E80B2119E9D30035841A /* Release */,
			);
			defaultConfigurationIsVisible = 0;
			defaultConfigurationName = Release;
		};
/* End XCConfigurationList section */
	};
	rootObject = 0423E7EF2119E9D30035841A /* Project object */;
}
